<Solution>
  <Configurations>
    <Platform Name="Any CPU" />
    <Platform Name="ARM64" />
    <Platform Name="x64" />
  </Configurations>
  <Folder Name="/Solution Items/">
    <File Path=".editorconfig" />
    <File Path=".gitattributes" />
    <File Path=".gitbook.yaml" />
    <File Path=".gitignore" />
    <File Path="CHANGELOG.md" />
    <File Path="LICENSE" />
    <File Path="README.md" />
    <File Path="version" />
  </Folder>
  <Project Path="build/KeyboardSwitch.Build/KeyboardSwitch.Build.csproj">
    <Platform Solution="*|Any CPU" Project="x64" />
    <Platform Solution="*|ARM64" Project="ARM64" />
    <Platform Solution="*|x64" Project="x64" />
  </Project>
  <Project Path="build/KeyboardSwitch.Windows.Installer/KeyboardSwitch.Windows.Installer.wixproj" Type="b7dd6f7e-def8-4e67-b5b7-07ef123db6f0">
    <Platform Solution="*|Any CPU" Project="x64" />
    <Build Project="false" />
  </Project>
  <Project Path="src/KeyboardSwitch.Core/KeyboardSwitch.Core.csproj">
    <Platform Solution="*|Any CPU" Project="x64" />
    <Platform Solution="*|ARM64" Project="ARM64" />
    <Platform Solution="*|x64" Project="x64" />
  </Project>
  <Project Path="src/KeyboardSwitch.Linux/KeyboardSwitch.Linux.csproj">
    <Platform Solution="*|Any CPU" Project="x64" />
    <Platform Solution="*|ARM64" Project="ARM64" />
    <Platform Solution="*|x64" Project="x64" />
  </Project>
  <Project Path="src/KeyboardSwitch.MacOS/KeyboardSwitch.MacOS.csproj">
    <Platform Solution="*|Any CPU" Project="x64" />
    <Platform Solution="*|ARM64" Project="ARM64" />
    <Platform Solution="*|x64" Project="x64" />
  </Project>
  <Project Path="src/KeyboardSwitch.Settings.Core/KeyboardSwitch.Settings.Core.csproj">
    <Platform Solution="*|Any CPU" Project="x64" />
    <Platform Solution="*|ARM64" Project="ARM64" />
    <Platform Solution="*|x64" Project="x64" />
  </Project>
  <Project Path="src/KeyboardSwitch.Settings/KeyboardSwitch.Settings.csproj">
    <Platform Solution="*|Any CPU" Project="x64" />
    <Platform Solution="*|ARM64" Project="ARM64" />
    <Platform Solution="*|x64" Project="x64" />
  </Project>
  <Project Path="src/KeyboardSwitch.Windows/KeyboardSwitch.Windows.csproj">
    <Platform Solution="*|Any CPU" Project="x64" />
    <Platform Solution="*|ARM64" Project="ARM64" />
    <Platform Solution="*|x64" Project="x64" />
  </Project>
  <Project Path="src/KeyboardSwitch/KeyboardSwitch.csproj">
    <Platform Solution="*|Any CPU" Project="x64" />
    <Platform Solution="*|ARM64" Project="ARM64" />
    <Platform Solution="*|x64" Project="x64" />
  </Project>
  <Project Path="test/KeyboardSwitch.Tests/KeyboardSwitch.Tests.csproj">
    <Platform Solution="*|Any CPU" Project="x64" />
    <Platform Solution="*|ARM64" Project="ARM64" />
    <Platform Solution="*|x64" Project="x64" />
  </Project>
</Solution>
