
Microsoft Visual Studio Solution File, Format Version 12.00
# Visual Studio Version 17
VisualStudioVersion = 17.0.31903.59
MinimumVisualStudioVersion = 10.0.40219.1
Project("{2150E333-8FDC-42A3-9474-1A3956D46DE8}") = "Solution Items", "Solution Items", "{70CE6F48-72C5-4BC0-8D76-D67470D74C59}"
	ProjectSection(SolutionItems) = preProject
		.editorconfig = .editorconfig
		.gitattributes = .gitattributes
		.gitbook.yaml = .gitbook.yaml
		.gitignore = .gitignore
		CHANGELOG.md = CHANGELOG.md
		LICENSE = LICENSE
		README.md = README.md
		version = version
	EndProjectSection
EndProject
Project("{9A19103F-16F7-4668-BE54-9A1E7A4F7556}") = "KeyboardSwitch", "src\KeyboardSwitch\KeyboardSwitch.csproj", "{3B77F28C-A7AF-49F6-B041-28C5D31FBE67}"
EndProject
Project("{9A19103F-16F7-4668-BE54-9A1E7A4F7556}") = "KeyboardSwitch.Core", "src\KeyboardSwitch.Core\KeyboardSwitch.Core.csproj", "{57008AC4-B4B3-4858-A068-559AEB22BC74}"
EndProject
Project("{9A19103F-16F7-4668-BE54-9A1E7A4F7556}") = "KeyboardSwitch.Windows", "src\KeyboardSwitch.Windows\KeyboardSwitch.Windows.csproj", "{ED51CEDE-B35C-4CCA-A950-F740799C150E}"
EndProject
Project("{9A19103F-16F7-4668-BE54-9A1E7A4F7556}") = "KeyboardSwitch.MacOS", "src\KeyboardSwitch.MacOS\KeyboardSwitch.MacOS.csproj", "{A72E553A-353F-49B4-96DA-C0722780A94B}"
EndProject
Project("{9A19103F-16F7-4668-BE54-9A1E7A4F7556}") = "KeyboardSwitch.Linux", "src\KeyboardSwitch.Linux\KeyboardSwitch.Linux.csproj", "{8F1EB1FC-CF92-4000-81C9-7C40260858C0}"
EndProject
Project("{9A19103F-16F7-4668-BE54-9A1E7A4F7556}") = "KeyboardSwitch.Settings", "src\KeyboardSwitch.Settings\KeyboardSwitch.Settings.csproj", "{CE74E7BE-00D2-450A-ADAC-5A32A6D3C874}"
EndProject
Project("{9A19103F-16F7-4668-BE54-9A1E7A4F7556}") = "KeyboardSwitch.Settings.Core", "src\KeyboardSwitch.Settings.Core\KeyboardSwitch.Settings.Core.csproj", "{1BC312D4-F82A-4F5A-BB26-1DC93C008714}"
EndProject
Project("{B7DD6F7E-DEF8-4E67-B5B7-07EF123DB6F0}") = "KeyboardSwitch.Windows.Installer", "build\KeyboardSwitch.Windows.Installer\KeyboardSwitch.Windows.Installer.wixproj", "{238C66B5-56E2-4FA7-A8E4-54A5DC5E4AA6}"
EndProject
Project("{9A19103F-16F7-4668-BE54-9A1E7A4F7556}") = "KeyboardSwitch.Build", "build\KeyboardSwitch.Build\KeyboardSwitch.Build.csproj", "{D8ADE7E9-9BAC-4F03-BF70-112C4C68B5E4}"
EndProject
Global
	GlobalSection(SolutionConfigurationPlatforms) = preSolution
		Debug|Any CPU = Debug|Any CPU
		Debug|ARM64 = Debug|ARM64
		Debug|x64 = Debug|x64
		Release|Any CPU = Release|Any CPU
		Release|ARM64 = Release|ARM64
		Release|x64 = Release|x64
	EndGlobalSection
	GlobalSection(ProjectConfigurationPlatforms) = postSolution
		{3B77F28C-A7AF-49F6-B041-28C5D31FBE67}.Debug|Any CPU.ActiveCfg = Debug|x64
		{3B77F28C-A7AF-49F6-B041-28C5D31FBE67}.Debug|Any CPU.Build.0 = Debug|x64
		{3B77F28C-A7AF-49F6-B041-28C5D31FBE67}.Debug|ARM64.ActiveCfg = Debug|ARM64
		{3B77F28C-A7AF-49F6-B041-28C5D31FBE67}.Debug|ARM64.Build.0 = Debug|ARM64
		{3B77F28C-A7AF-49F6-B041-28C5D31FBE67}.Debug|x64.ActiveCfg = Debug|x64
		{3B77F28C-A7AF-49F6-B041-28C5D31FBE67}.Debug|x64.Build.0 = Debug|x64
		{3B77F28C-A7AF-49F6-B041-28C5D31FBE67}.Release|Any CPU.ActiveCfg = Release|x64
		{3B77F28C-A7AF-49F6-B041-28C5D31FBE67}.Release|Any CPU.Build.0 = Release|x64
		{3B77F28C-A7AF-49F6-B041-28C5D31FBE67}.Release|ARM64.ActiveCfg = Release|ARM64
		{3B77F28C-A7AF-49F6-B041-28C5D31FBE67}.Release|ARM64.Build.0 = Release|ARM64
		{3B77F28C-A7AF-49F6-B041-28C5D31FBE67}.Release|x64.ActiveCfg = Release|x64
		{3B77F28C-A7AF-49F6-B041-28C5D31FBE67}.Release|x64.Build.0 = Release|x64
		{57008AC4-B4B3-4858-A068-559AEB22BC74}.Debug|Any CPU.ActiveCfg = Debug|x64
		{57008AC4-B4B3-4858-A068-559AEB22BC74}.Debug|Any CPU.Build.0 = Debug|x64
		{57008AC4-B4B3-4858-A068-559AEB22BC74}.Debug|ARM64.ActiveCfg = Debug|ARM64
		{57008AC4-B4B3-4858-A068-559AEB22BC74}.Debug|ARM64.Build.0 = Debug|ARM64
		{57008AC4-B4B3-4858-A068-559AEB22BC74}.Debug|x64.ActiveCfg = Debug|x64
		{57008AC4-B4B3-4858-A068-559AEB22BC74}.Debug|x64.Build.0 = Debug|x64
		{57008AC4-B4B3-4858-A068-559AEB22BC74}.Release|Any CPU.ActiveCfg = Release|x64
		{57008AC4-B4B3-4858-A068-559AEB22BC74}.Release|Any CPU.Build.0 = Release|x64
		{57008AC4-B4B3-4858-A068-559AEB22BC74}.Release|ARM64.ActiveCfg = Release|ARM64
		{57008AC4-B4B3-4858-A068-559AEB22BC74}.Release|ARM64.Build.0 = Release|ARM64
		{57008AC4-B4B3-4858-A068-559AEB22BC74}.Release|x64.ActiveCfg = Release|x64
		{57008AC4-B4B3-4858-A068-559AEB22BC74}.Release|x64.Build.0 = Release|x64
		{ED51CEDE-B35C-4CCA-A950-F740799C150E}.Debug|Any CPU.ActiveCfg = Debug|x64
		{ED51CEDE-B35C-4CCA-A950-F740799C150E}.Debug|Any CPU.Build.0 = Debug|x64
		{ED51CEDE-B35C-4CCA-A950-F740799C150E}.Debug|ARM64.ActiveCfg = Debug|ARM64
		{ED51CEDE-B35C-4CCA-A950-F740799C150E}.Debug|ARM64.Build.0 = Debug|ARM64
		{ED51CEDE-B35C-4CCA-A950-F740799C150E}.Debug|x64.ActiveCfg = Debug|x64
		{ED51CEDE-B35C-4CCA-A950-F740799C150E}.Debug|x64.Build.0 = Debug|x64
		{ED51CEDE-B35C-4CCA-A950-F740799C150E}.Release|Any CPU.ActiveCfg = Release|x64
		{ED51CEDE-B35C-4CCA-A950-F740799C150E}.Release|Any CPU.Build.0 = Release|x64
		{ED51CEDE-B35C-4CCA-A950-F740799C150E}.Release|ARM64.ActiveCfg = Release|ARM64
		{ED51CEDE-B35C-4CCA-A950-F740799C150E}.Release|ARM64.Build.0 = Release|ARM64
		{ED51CEDE-B35C-4CCA-A950-F740799C150E}.Release|x64.ActiveCfg = Release|x64
		{ED51CEDE-B35C-4CCA-A950-F740799C150E}.Release|x64.Build.0 = Release|x64
		{A72E553A-353F-49B4-96DA-C0722780A94B}.Debug|Any CPU.ActiveCfg = Debug|x64
		{A72E553A-353F-49B4-96DA-C0722780A94B}.Debug|Any CPU.Build.0 = Debug|x64
		{A72E553A-353F-49B4-96DA-C0722780A94B}.Debug|ARM64.ActiveCfg = Debug|ARM64
		{A72E553A-353F-49B4-96DA-C0722780A94B}.Debug|ARM64.Build.0 = Debug|ARM64
		{A72E553A-353F-49B4-96DA-C0722780A94B}.Debug|x64.ActiveCfg = Debug|x64
		{A72E553A-353F-49B4-96DA-C0722780A94B}.Debug|x64.Build.0 = Debug|x64
		{A72E553A-353F-49B4-96DA-C0722780A94B}.Release|Any CPU.ActiveCfg = Release|x64
		{A72E553A-353F-49B4-96DA-C0722780A94B}.Release|Any CPU.Build.0 = Release|x64
		{A72E553A-353F-49B4-96DA-C0722780A94B}.Release|ARM64.ActiveCfg = Release|ARM64
		{A72E553A-353F-49B4-96DA-C0722780A94B}.Release|ARM64.Build.0 = Release|ARM64
		{A72E553A-353F-49B4-96DA-C0722780A94B}.Release|x64.ActiveCfg = Release|x64
		{A72E553A-353F-49B4-96DA-C0722780A94B}.Release|x64.Build.0 = Release|x64
		{8F1EB1FC-CF92-4000-81C9-7C40260858C0}.Debug|Any CPU.ActiveCfg = Debug|x64
		{8F1EB1FC-CF92-4000-81C9-7C40260858C0}.Debug|Any CPU.Build.0 = Debug|x64
		{8F1EB1FC-CF92-4000-81C9-7C40260858C0}.Debug|ARM64.ActiveCfg = Debug|ARM64
		{8F1EB1FC-CF92-4000-81C9-7C40260858C0}.Debug|ARM64.Build.0 = Debug|ARM64
		{8F1EB1FC-CF92-4000-81C9-7C40260858C0}.Debug|x64.ActiveCfg = Debug|x64
		{8F1EB1FC-CF92-4000-81C9-7C40260858C0}.Debug|x64.Build.0 = Debug|x64
		{8F1EB1FC-CF92-4000-81C9-7C40260858C0}.Release|Any CPU.ActiveCfg = Release|x64
		{8F1EB1FC-CF92-4000-81C9-7C40260858C0}.Release|Any CPU.Build.0 = Release|x64
		{8F1EB1FC-CF92-4000-81C9-7C40260858C0}.Release|ARM64.ActiveCfg = Release|ARM64
		{8F1EB1FC-CF92-4000-81C9-7C40260858C0}.Release|ARM64.Build.0 = Release|ARM64
		{8F1EB1FC-CF92-4000-81C9-7C40260858C0}.Release|x64.ActiveCfg = Release|x64
		{8F1EB1FC-CF92-4000-81C9-7C40260858C0}.Release|x64.Build.0 = Release|x64
		{CE74E7BE-00D2-450A-ADAC-5A32A6D3C874}.Debug|Any CPU.ActiveCfg = Debug|x64
		{CE74E7BE-00D2-450A-ADAC-5A32A6D3C874}.Debug|Any CPU.Build.0 = Debug|x64
		{CE74E7BE-00D2-450A-ADAC-5A32A6D3C874}.Debug|ARM64.ActiveCfg = Debug|ARM64
		{CE74E7BE-00D2-450A-ADAC-5A32A6D3C874}.Debug|ARM64.Build.0 = Debug|ARM64
		{CE74E7BE-00D2-450A-ADAC-5A32A6D3C874}.Debug|x64.ActiveCfg = Debug|x64
		{CE74E7BE-00D2-450A-ADAC-5A32A6D3C874}.Debug|x64.Build.0 = Debug|x64
		{CE74E7BE-00D2-450A-ADAC-5A32A6D3C874}.Release|Any CPU.ActiveCfg = Release|x64
		{CE74E7BE-00D2-450A-ADAC-5A32A6D3C874}.Release|Any CPU.Build.0 = Release|x64
		{CE74E7BE-00D2-450A-ADAC-5A32A6D3C874}.Release|ARM64.ActiveCfg = Release|ARM64
		{CE74E7BE-00D2-450A-ADAC-5A32A6D3C874}.Release|ARM64.Build.0 = Release|ARM64
		{CE74E7BE-00D2-450A-ADAC-5A32A6D3C874}.Release|x64.ActiveCfg = Release|x64
		{CE74E7BE-00D2-450A-ADAC-5A32A6D3C874}.Release|x64.Build.0 = Release|x64
		{1BC312D4-F82A-4F5A-BB26-1DC93C008714}.Debug|Any CPU.ActiveCfg = Debug|x64
		{1BC312D4-F82A-4F5A-BB26-1DC93C008714}.Debug|Any CPU.Build.0 = Debug|x64
		{1BC312D4-F82A-4F5A-BB26-1DC93C008714}.Debug|ARM64.ActiveCfg = Debug|ARM64
		{1BC312D4-F82A-4F5A-BB26-1DC93C008714}.Debug|ARM64.Build.0 = Debug|ARM64
		{1BC312D4-F82A-4F5A-BB26-1DC93C008714}.Debug|x64.ActiveCfg = Debug|x64
		{1BC312D4-F82A-4F5A-BB26-1DC93C008714}.Debug|x64.Build.0 = Debug|x64
		{1BC312D4-F82A-4F5A-BB26-1DC93C008714}.Release|Any CPU.ActiveCfg = Release|x64
		{1BC312D4-F82A-4F5A-BB26-1DC93C008714}.Release|Any CPU.Build.0 = Release|x64
		{1BC312D4-F82A-4F5A-BB26-1DC93C008714}.Release|ARM64.ActiveCfg = Release|ARM64
		{1BC312D4-F82A-4F5A-BB26-1DC93C008714}.Release|ARM64.Build.0 = Release|ARM64
		{1BC312D4-F82A-4F5A-BB26-1DC93C008714}.Release|x64.ActiveCfg = Release|x64
		{1BC312D4-F82A-4F5A-BB26-1DC93C008714}.Release|x64.Build.0 = Release|x64
		{238C66B5-56E2-4FA7-A8E4-54A5DC5E4AA6}.Debug|Any CPU.ActiveCfg = Debug|x64
		{238C66B5-56E2-4FA7-A8E4-54A5DC5E4AA6}.Debug|ARM64.ActiveCfg = Debug|ARM64
		{238C66B5-56E2-4FA7-A8E4-54A5DC5E4AA6}.Debug|x64.ActiveCfg = Debug|x64
		{238C66B5-56E2-4FA7-A8E4-54A5DC5E4AA6}.Release|Any CPU.ActiveCfg = Release|x64
		{238C66B5-56E2-4FA7-A8E4-54A5DC5E4AA6}.Release|ARM64.ActiveCfg = Release|ARM64
		{238C66B5-56E2-4FA7-A8E4-54A5DC5E4AA6}.Release|x64.ActiveCfg = Release|x64
		{D8ADE7E9-9BAC-4F03-BF70-112C4C68B5E4}.Debug|Any CPU.ActiveCfg = Debug|x64
		{D8ADE7E9-9BAC-4F03-BF70-112C4C68B5E4}.Debug|Any CPU.Build.0 = Debug|x64
		{D8ADE7E9-9BAC-4F03-BF70-112C4C68B5E4}.Debug|ARM64.ActiveCfg = Debug|ARM64
		{D8ADE7E9-9BAC-4F03-BF70-112C4C68B5E4}.Debug|ARM64.Build.0 = Debug|ARM64
		{D8ADE7E9-9BAC-4F03-BF70-112C4C68B5E4}.Debug|x64.ActiveCfg = Debug|x64
		{D8ADE7E9-9BAC-4F03-BF70-112C4C68B5E4}.Debug|x64.Build.0 = Debug|x64
		{D8ADE7E9-9BAC-4F03-BF70-112C4C68B5E4}.Release|Any CPU.ActiveCfg = Release|x64
		{D8ADE7E9-9BAC-4F03-BF70-112C4C68B5E4}.Release|Any CPU.Build.0 = Release|x64
		{D8ADE7E9-9BAC-4F03-BF70-112C4C68B5E4}.Release|ARM64.ActiveCfg = Release|ARM64
		{D8ADE7E9-9BAC-4F03-BF70-112C4C68B5E4}.Release|ARM64.Build.0 = Release|ARM64
		{D8ADE7E9-9BAC-4F03-BF70-112C4C68B5E4}.Release|x64.ActiveCfg = Release|x64
		{D8ADE7E9-9BAC-4F03-BF70-112C4C68B5E4}.Release|x64.Build.0 = Release|x64
	EndGlobalSection
	GlobalSection(SolutionProperties) = preSolution
		HideSolutionNode = FALSE
	EndGlobalSection
	GlobalSection(ExtensibilityGlobals) = postSolution
		SolutionGuid = {4C1EC3F6-087A-4B33-B917-FF6969E738C5}
	EndGlobalSection
EndGlobal
